
Microsoft Visual Studio Solution File, Format Version 12.00
# Visual Studio 15
VisualStudioVersion = 15.0.26020.0
MinimumVisualStudioVersion = 10.0.40219.1
Project("{FAE04EC0-301F-11D3-BF4B-00C04F79EFBC}") = "DBCompare", "DBCompare\DBCompare\DBCompare.csproj", "{E6B09B88-22DA-44F8-A904-5774E2059297}"
EndProject
Project("{FAE04EC0-301F-11D3-BF4B-00C04F79EFBC}") = "DataJuggler.Core.UltimateHelper", "DataJuggler\Core\UltimateHelper\DataJuggler.Core.UltimateHelper.csproj", "{4EB6DF73-50FE-42B9-8367-B02BD0E5A083}"
EndProject
Project("{FAE04EC0-301F-11D3-BF4B-00C04F79EFBC}") = "DataJuggler.Win.Controls", "DataJuggler\Win\DataJuggler.Win.Controls\DataJuggler.Win.Controls.csproj", "{8D92A1EB-2706-41E0-A725-86C1ECBEC438}"
EndProject
Project("{FAE04EC0-301F-11D3-BF4B-00C04F79EFBC}") = "DataJuggler.Net", "DataJuggler\DataJuggler.Net\DataJuggler.Net.csproj", "{0A50C063-9D94-4208-8B10-98CBBEC68E1A}"
EndProject
Project("{FAE04EC0-301F-11D3-BF4B-00C04F79EFBC}") = "XmlMirror.RunTime", "XmlMirror\Runtime\XmlMirror.RunTime.csproj", "{FE1CD832-B681-4470-A791-AA5BB37FC09B}"
EndProject
Project("{FAE04EC0-301F-11D3-BF4B-00C04F79EFBC}") = "RandomBanner", "DataJuggler\Win\RandomBanner\RandomBanner\RandomBanner.csproj", "{7F218671-E087-4EE1-8707-114333A98258}"
EndProject
Project("{FAE04EC0-301F-11D3-BF4B-00C04F79EFBC}") = "DataJuggler.Core.RandomShuffler", "DataJuggler\Core\RandomShuffler\RandomShuffler\DataJuggler.Core.RandomShuffler.csproj", "{01B6C23E-D8B3-49CE-9193-93C1ED694B57}"
EndProject
Global
	GlobalSection(SolutionConfigurationPlatforms) = preSolution
		CD_ROM|Any CPU = CD_ROM|Any CPU
		CD_ROM|Mixed Platforms = CD_ROM|Mixed Platforms
		CD_ROM|x64 = CD_ROM|x64
		CD_ROM|x86 = CD_ROM|x86
		Debug|Any CPU = Debug|Any CPU
		Debug|Mixed Platforms = Debug|Mixed Platforms
		Debug|x64 = Debug|x64
		Debug|x86 = Debug|x86
		DVD-5|Any CPU = DVD-5|Any CPU
		DVD-5|Mixed Platforms = DVD-5|Mixed Platforms
		DVD-5|x64 = DVD-5|x64
		DVD-5|x86 = DVD-5|x86
		Release|Any CPU = Release|Any CPU
		Release|Mixed Platforms = Release|Mixed Platforms
		Release|x64 = Release|x64
		Release|x86 = Release|x86
		SingleImage|Any CPU = SingleImage|Any CPU
		SingleImage|Mixed Platforms = SingleImage|Mixed Platforms
		SingleImage|x64 = SingleImage|x64
		SingleImage|x86 = SingleImage|x86
	EndGlobalSection
	GlobalSection(ProjectConfigurationPlatforms) = postSolution
		{E6B09B88-22DA-44F8-A904-5774E2059297}.CD_ROM|Any CPU.ActiveCfg = Release|x86
		{E6B09B88-22DA-44F8-A904-5774E2059297}.CD_ROM|Mixed Platforms.ActiveCfg = Release|x86
		{E6B09B88-22DA-44F8-A904-5774E2059297}.CD_ROM|Mixed Platforms.Build.0 = Release|x86
		{E6B09B88-22DA-44F8-A904-5774E2059297}.CD_ROM|x64.ActiveCfg = Release|x64
		{E6B09B88-22DA-44F8-A904-5774E2059297}.CD_ROM|x64.Build.0 = Release|x64
		{E6B09B88-22DA-44F8-A904-5774E2059297}.CD_ROM|x86.ActiveCfg = Release|x86
		{E6B09B88-22DA-44F8-A904-5774E2059297}.CD_ROM|x86.Build.0 = Release|x86
		{E6B09B88-22DA-44F8-A904-5774E2059297}.Debug|Any CPU.ActiveCfg = Debug|Any CPU
		{E6B09B88-22DA-44F8-A904-5774E2059297}.Debug|Any CPU.Build.0 = Debug|Any CPU
		{E6B09B88-22DA-44F8-A904-5774E2059297}.Debug|Mixed Platforms.ActiveCfg = Debug|x86
		{E6B09B88-22DA-44F8-A904-5774E2059297}.Debug|Mixed Platforms.Build.0 = Debug|x86
		{E6B09B88-22DA-44F8-A904-5774E2059297}.Debug|x64.ActiveCfg = Debug|Any CPU
		{E6B09B88-22DA-44F8-A904-5774E2059297}.Debug|x64.Build.0 = Debug|Any CPU
		{E6B09B88-22DA-44F8-A904-5774E2059297}.Debug|x86.ActiveCfg = Debug|x86
		{E6B09B88-22DA-44F8-A904-5774E2059297}.Debug|x86.Build.0 = Debug|x86
		{E6B09B88-22DA-44F8-A904-5774E2059297}.DVD-5|Any CPU.ActiveCfg = Debug|x86
		{E6B09B88-22DA-44F8-A904-5774E2059297}.DVD-5|Mixed Platforms.ActiveCfg = Debug|x86
		{E6B09B88-22DA-44F8-A904-5774E2059297}.DVD-5|Mixed Platforms.Build.0 = Debug|x86
		{E6B09B88-22DA-44F8-A904-5774E2059297}.DVD-5|x64.ActiveCfg = Debug|x64
		{E6B09B88-22DA-44F8-A904-5774E2059297}.DVD-5|x64.Build.0 = Debug|x64
		{E6B09B88-22DA-44F8-A904-5774E2059297}.DVD-5|x86.ActiveCfg = Debug|x86
		{E6B09B88-22DA-44F8-A904-5774E2059297}.DVD-5|x86.Build.0 = Debug|x86
		{E6B09B88-22DA-44F8-A904-5774E2059297}.Release|Any CPU.ActiveCfg = Release|x86
		{E6B09B88-22DA-44F8-A904-5774E2059297}.Release|Mixed Platforms.ActiveCfg = Debug|x86
		{E6B09B88-22DA-44F8-A904-5774E2059297}.Release|Mixed Platforms.Build.0 = Debug|x86
		{E6B09B88-22DA-44F8-A904-5774E2059297}.Release|x64.ActiveCfg = Release|x64
		{E6B09B88-22DA-44F8-A904-5774E2059297}.Release|x64.Build.0 = Release|x64
		{E6B09B88-22DA-44F8-A904-5774E2059297}.Release|x86.ActiveCfg = Release|x86
		{E6B09B88-22DA-44F8-A904-5774E2059297}.Release|x86.Build.0 = Release|x86
		{E6B09B88-22DA-44F8-A904-5774E2059297}.SingleImage|Any CPU.ActiveCfg = Release|x86
		{E6B09B88-22DA-44F8-A904-5774E2059297}.SingleImage|Mixed Platforms.ActiveCfg = Release|x86
		{E6B09B88-22DA-44F8-A904-5774E2059297}.SingleImage|Mixed Platforms.Build.0 = Release|x86
		{E6B09B88-22DA-44F8-A904-5774E2059297}.SingleImage|x64.ActiveCfg = Release|x64
		{E6B09B88-22DA-44F8-A904-5774E2059297}.SingleImage|x64.Build.0 = Release|x64
		{E6B09B88-22DA-44F8-A904-5774E2059297}.SingleImage|x86.ActiveCfg = Release|x86
		{E6B09B88-22DA-44F8-A904-5774E2059297}.SingleImage|x86.Build.0 = Release|x86
		{4EB6DF73-50FE-42B9-8367-B02BD0E5A083}.CD_ROM|Any CPU.ActiveCfg = Release|Any CPU
		{4EB6DF73-50FE-42B9-8367-B02BD0E5A083}.CD_ROM|Any CPU.Build.0 = Release|Any CPU
		{4EB6DF73-50FE-42B9-8367-B02BD0E5A083}.CD_ROM|Mixed Platforms.ActiveCfg = Release|Any CPU
		{4EB6DF73-50FE-42B9-8367-B02BD0E5A083}.CD_ROM|Mixed Platforms.Build.0 = Release|Any CPU
		{4EB6DF73-50FE-42B9-8367-B02BD0E5A083}.CD_ROM|x64.ActiveCfg = Debug|Any CPU
		{4EB6DF73-50FE-42B9-8367-B02BD0E5A083}.CD_ROM|x64.Build.0 = Debug|Any CPU
		{4EB6DF73-50FE-42B9-8367-B02BD0E5A083}.CD_ROM|x86.ActiveCfg = Release|Any CPU
		{4EB6DF73-50FE-42B9-8367-B02BD0E5A083}.Debug|Any CPU.ActiveCfg = Debug|Any CPU
		{4EB6DF73-50FE-42B9-8367-B02BD0E5A083}.Debug|Any CPU.Build.0 = Debug|Any CPU
		{4EB6DF73-50FE-42B9-8367-B02BD0E5A083}.Debug|Mixed Platforms.ActiveCfg = Debug|Any CPU
		{4EB6DF73-50FE-42B9-8367-B02BD0E5A083}.Debug|Mixed Platforms.Build.0 = Debug|Any CPU
		{4EB6DF73-50FE-42B9-8367-B02BD0E5A083}.Debug|x64.ActiveCfg = Debug|Any CPU
		{4EB6DF73-50FE-42B9-8367-B02BD0E5A083}.Debug|x64.Build.0 = Debug|Any CPU
		{4EB6DF73-50FE-42B9-8367-B02BD0E5A083}.Debug|x86.ActiveCfg = Debug|Any CPU
		{4EB6DF73-50FE-42B9-8367-B02BD0E5A083}.DVD-5|Any CPU.ActiveCfg = Debug|Any CPU
		{4EB6DF73-50FE-42B9-8367-B02BD0E5A083}.DVD-5|Any CPU.Build.0 = Debug|Any CPU
		{4EB6DF73-50FE-42B9-8367-B02BD0E5A083}.DVD-5|Mixed Platforms.ActiveCfg = Debug|Any CPU
		{4EB6DF73-50FE-42B9-8367-B02BD0E5A083}.DVD-5|Mixed Platforms.Build.0 = Debug|Any CPU
		{4EB6DF73-50FE-42B9-8367-B02BD0E5A083}.DVD-5|x64.ActiveCfg = Debug|Any CPU
		{4EB6DF73-50FE-42B9-8367-B02BD0E5A083}.DVD-5|x64.Build.0 = Debug|Any CPU
		{4EB6DF73-50FE-42B9-8367-B02BD0E5A083}.DVD-5|x86.ActiveCfg = Debug|Any CPU
		{4EB6DF73-50FE-42B9-8367-B02BD0E5A083}.Release|Any CPU.ActiveCfg = Release|Any CPU
		{4EB6DF73-50FE-42B9-8367-B02BD0E5A083}.Release|Any CPU.Build.0 = Release|Any CPU
		{4EB6DF73-50FE-42B9-8367-B02BD0E5A083}.Release|Mixed Platforms.ActiveCfg = Release|Any CPU
		{4EB6DF73-50FE-42B9-8367-B02BD0E5A083}.Release|Mixed Platforms.Build.0 = Release|Any CPU
		{4EB6DF73-50FE-42B9-8367-B02BD0E5A083}.Release|x64.ActiveCfg = Release|Any CPU
		{4EB6DF73-50FE-42B9-8367-B02BD0E5A083}.Release|x64.Build.0 = Release|Any CPU
		{4EB6DF73-50FE-42B9-8367-B02BD0E5A083}.Release|x86.ActiveCfg = Release|Any CPU
		{4EB6DF73-50FE-42B9-8367-B02BD0E5A083}.SingleImage|Any CPU.ActiveCfg = Release|Any CPU
		{4EB6DF73-50FE-42B9-8367-B02BD0E5A083}.SingleImage|Any CPU.Build.0 = Release|Any CPU
		{4EB6DF73-50FE-42B9-8367-B02BD0E5A083}.SingleImage|Mixed Platforms.ActiveCfg = Release|Any CPU
		{4EB6DF73-50FE-42B9-8367-B02BD0E5A083}.SingleImage|Mixed Platforms.Build.0 = Release|Any CPU
		{4EB6DF73-50FE-42B9-8367-B02BD0E5A083}.SingleImage|x64.ActiveCfg = Debug|Any CPU
		{4EB6DF73-50FE-42B9-8367-B02BD0E5A083}.SingleImage|x64.Build.0 = Debug|Any CPU
		{4EB6DF73-50FE-42B9-8367-B02BD0E5A083}.SingleImage|x86.ActiveCfg = Release|Any CPU
		{8D92A1EB-2706-41E0-A725-86C1ECBEC438}.CD_ROM|Any CPU.ActiveCfg = Release|Any CPU
		{8D92A1EB-2706-41E0-A725-86C1ECBEC438}.CD_ROM|Any CPU.Build.0 = Release|Any CPU
		{8D92A1EB-2706-41E0-A725-86C1ECBEC438}.CD_ROM|Mixed Platforms.ActiveCfg = Release|Any CPU
		{8D92A1EB-2706-41E0-A725-86C1ECBEC438}.CD_ROM|Mixed Platforms.Build.0 = Release|Any CPU
		{8D92A1EB-2706-41E0-A725-86C1ECBEC438}.CD_ROM|x64.ActiveCfg = Debug|Any CPU
		{8D92A1EB-2706-41E0-A725-86C1ECBEC438}.CD_ROM|x64.Build.0 = Debug|Any CPU
		{8D92A1EB-2706-41E0-A725-86C1ECBEC438}.CD_ROM|x86.ActiveCfg = Release|Any CPU
		{8D92A1EB-2706-41E0-A725-86C1ECBEC438}.Debug|Any CPU.ActiveCfg = Debug|Any CPU
		{8D92A1EB-2706-41E0-A725-86C1ECBEC438}.Debug|Any CPU.Build.0 = Debug|Any CPU
		{8D92A1EB-2706-41E0-A725-86C1ECBEC438}.Debug|Mixed Platforms.ActiveCfg = Debug|Any CPU
		{8D92A1EB-2706-41E0-A725-86C1ECBEC438}.Debug|Mixed Platforms.Build.0 = Debug|Any CPU
		{8D92A1EB-2706-41E0-A725-86C1ECBEC438}.Debug|x64.ActiveCfg = Debug|Any CPU
		{8D92A1EB-2706-41E0-A725-86C1ECBEC438}.Debug|x64.Build.0 = Debug|Any CPU
		{8D92A1EB-2706-41E0-A725-86C1ECBEC438}.Debug|x86.ActiveCfg = Debug|Any CPU
		{8D92A1EB-2706-41E0-A725-86C1ECBEC438}.DVD-5|Any CPU.ActiveCfg = Debug|Any CPU
		{8D92A1EB-2706-41E0-A725-86C1ECBEC438}.DVD-5|Any CPU.Build.0 = Debug|Any CPU
		{8D92A1EB-2706-41E0-A725-86C1ECBEC438}.DVD-5|Mixed Platforms.ActiveCfg = Debug|Any CPU
		{8D92A1EB-2706-41E0-A725-86C1ECBEC438}.DVD-5|Mixed Platforms.Build.0 = Debug|Any CPU
		{8D92A1EB-2706-41E0-A725-86C1ECBEC438}.DVD-5|x64.ActiveCfg = Debug|Any CPU
		{8D92A1EB-2706-41E0-A725-86C1ECBEC438}.DVD-5|x64.Build.0 = Debug|Any CPU
		{8D92A1EB-2706-41E0-A725-86C1ECBEC438}.DVD-5|x86.ActiveCfg = Debug|Any CPU
		{8D92A1EB-2706-41E0-A725-86C1ECBEC438}.Release|Any CPU.ActiveCfg = Release|Any CPU
		{8D92A1EB-2706-41E0-A725-86C1ECBEC438}.Release|Any CPU.Build.0 = Release|Any CPU
		{8D92A1EB-2706-41E0-A725-86C1ECBEC438}.Release|Mixed Platforms.ActiveCfg = Release|Any CPU
		{8D92A1EB-2706-41E0-A725-86C1ECBEC438}.Release|Mixed Platforms.Build.0 = Release|Any CPU
		{8D92A1EB-2706-41E0-A725-86C1ECBEC438}.Release|x64.ActiveCfg = Release|Any CPU
		{8D92A1EB-2706-41E0-A725-86C1ECBEC438}.Release|x64.Build.0 = Release|Any CPU
		{8D92A1EB-2706-41E0-A725-86C1ECBEC438}.Release|x86.ActiveCfg = Release|Any CPU
		{8D92A1EB-2706-41E0-A725-86C1ECBEC438}.SingleImage|Any CPU.ActiveCfg = Release|Any CPU
		{8D92A1EB-2706-41E0-A725-86C1ECBEC438}.SingleImage|Any CPU.Build.0 = Release|Any CPU
		{8D92A1EB-2706-41E0-A725-86C1ECBEC438}.SingleImage|Mixed Platforms.ActiveCfg = Release|Any CPU
		{8D92A1EB-2706-41E0-A725-86C1ECBEC438}.SingleImage|Mixed Platforms.Build.0 = Release|Any CPU
		{8D92A1EB-2706-41E0-A725-86C1ECBEC438}.SingleImage|x64.ActiveCfg = Debug|Any CPU
		{8D92A1EB-2706-41E0-A725-86C1ECBEC438}.SingleImage|x64.Build.0 = Debug|Any CPU
		{8D92A1EB-2706-41E0-A725-86C1ECBEC438}.SingleImage|x86.ActiveCfg = Release|Any CPU
		{0A50C063-9D94-4208-8B10-98CBBEC68E1A}.CD_ROM|Any CPU.ActiveCfg = Release|Any CPU
		{0A50C063-9D94-4208-8B10-98CBBEC68E1A}.CD_ROM|Any CPU.Build.0 = Release|Any CPU
		{0A50C063-9D94-4208-8B10-98CBBEC68E1A}.CD_ROM|Mixed Platforms.ActiveCfg = Release|Any CPU
		{0A50C063-9D94-4208-8B10-98CBBEC68E1A}.CD_ROM|Mixed Platforms.Build.0 = Release|Any CPU
		{0A50C063-9D94-4208-8B10-98CBBEC68E1A}.CD_ROM|x64.ActiveCfg = Debug|Any CPU
		{0A50C063-9D94-4208-8B10-98CBBEC68E1A}.CD_ROM|x64.Build.0 = Debug|Any CPU
		{0A50C063-9D94-4208-8B10-98CBBEC68E1A}.CD_ROM|x86.ActiveCfg = Release|Any CPU
		{0A50C063-9D94-4208-8B10-98CBBEC68E1A}.Debug|Any CPU.ActiveCfg = Debug|Any CPU
		{0A50C063-9D94-4208-8B10-98CBBEC68E1A}.Debug|Any CPU.Build.0 = Debug|Any CPU
		{0A50C063-9D94-4208-8B10-98CBBEC68E1A}.Debug|Mixed Platforms.ActiveCfg = Debug|Any CPU
		{0A50C063-9D94-4208-8B10-98CBBEC68E1A}.Debug|Mixed Platforms.Build.0 = Debug|Any CPU
		{0A50C063-9D94-4208-8B10-98CBBEC68E1A}.Debug|x64.ActiveCfg = Debug|Any CPU
		{0A50C063-9D94-4208-8B10-98CBBEC68E1A}.Debug|x64.Build.0 = Debug|Any CPU
		{0A50C063-9D94-4208-8B10-98CBBEC68E1A}.Debug|x86.ActiveCfg = Debug|Any CPU
		{0A50C063-9D94-4208-8B10-98CBBEC68E1A}.DVD-5|Any CPU.ActiveCfg = Debug|Any CPU
		{0A50C063-9D94-4208-8B10-98CBBEC68E1A}.DVD-5|Any CPU.Build.0 = Debug|Any CPU
		{0A50C063-9D94-4208-8B10-98CBBEC68E1A}.DVD-5|Mixed Platforms.ActiveCfg = Debug|Any CPU
		{0A50C063-9D94-4208-8B10-98CBBEC68E1A}.DVD-5|Mixed Platforms.Build.0 = Debug|Any CPU
		{0A50C063-9D94-4208-8B10-98CBBEC68E1A}.DVD-5|x64.ActiveCfg = Debug|Any CPU
		{0A50C063-9D94-4208-8B10-98CBBEC68E1A}.DVD-5|x64.Build.0 = Debug|Any CPU
		{0A50C063-9D94-4208-8B10-98CBBEC68E1A}.DVD-5|x86.ActiveCfg = Debug|Any CPU
		{0A50C063-9D94-4208-8B10-98CBBEC68E1A}.Release|Any CPU.ActiveCfg = Release|Any CPU
		{0A50C063-9D94-4208-8B10-98CBBEC68E1A}.Release|Any CPU.Build.0 = Release|Any CPU
		{0A50C063-9D94-4208-8B10-98CBBEC68E1A}.Release|Mixed Platforms.ActiveCfg = Release|Any CPU
		{0A50C063-9D94-4208-8B10-98CBBEC68E1A}.Release|Mixed Platforms.Build.0 = Release|Any CPU
		{0A50C063-9D94-4208-8B10-98CBBEC68E1A}.Release|x64.ActiveCfg = Release|Any CPU
		{0A50C063-9D94-4208-8B10-98CBBEC68E1A}.Release|x64.Build.0 = Release|Any CPU
		{0A50C063-9D94-4208-8B10-98CBBEC68E1A}.Release|x86.ActiveCfg = Release|Any CPU
		{0A50C063-9D94-4208-8B10-98CBBEC68E1A}.SingleImage|Any CPU.ActiveCfg = Release|Any CPU
		{0A50C063-9D94-4208-8B10-98CBBEC68E1A}.SingleImage|Any CPU.Build.0 = Release|Any CPU
		{0A50C063-9D94-4208-8B10-98CBBEC68E1A}.SingleImage|Mixed Platforms.ActiveCfg = Release|Any CPU
		{0A50C063-9D94-4208-8B10-98CBBEC68E1A}.SingleImage|Mixed Platforms.Build.0 = Release|Any CPU
		{0A50C063-9D94-4208-8B10-98CBBEC68E1A}.SingleImage|x64.ActiveCfg = Debug|Any CPU
		{0A50C063-9D94-4208-8B10-98CBBEC68E1A}.SingleImage|x64.Build.0 = Debug|Any CPU
		{0A50C063-9D94-4208-8B10-98CBBEC68E1A}.SingleImage|x86.ActiveCfg = Release|Any CPU
		{FE1CD832-B681-4470-A791-AA5BB37FC09B}.CD_ROM|Any CPU.ActiveCfg = Release|Any CPU
		{FE1CD832-B681-4470-A791-AA5BB37FC09B}.CD_ROM|Any CPU.Build.0 = Release|Any CPU
		{FE1CD832-B681-4470-A791-AA5BB37FC09B}.CD_ROM|Mixed Platforms.ActiveCfg = Release|Any CPU
		{FE1CD832-B681-4470-A791-AA5BB37FC09B}.CD_ROM|Mixed Platforms.Build.0 = Release|Any CPU
		{FE1CD832-B681-4470-A791-AA5BB37FC09B}.CD_ROM|x64.ActiveCfg = Debug|Any CPU
		{FE1CD832-B681-4470-A791-AA5BB37FC09B}.CD_ROM|x64.Build.0 = Debug|Any CPU
		{FE1CD832-B681-4470-A791-AA5BB37FC09B}.CD_ROM|x86.ActiveCfg = Release|Any CPU
		{FE1CD832-B681-4470-A791-AA5BB37FC09B}.CD_ROM|x86.Build.0 = Release|Any CPU
		{FE1CD832-B681-4470-A791-AA5BB37FC09B}.Debug|Any CPU.ActiveCfg = Debug|Any CPU
		{FE1CD832-B681-4470-A791-AA5BB37FC09B}.Debug|Any CPU.Build.0 = Debug|Any CPU
		{FE1CD832-B681-4470-A791-AA5BB37FC09B}.Debug|Mixed Platforms.ActiveCfg = Debug|Any CPU
		{FE1CD832-B681-4470-A791-AA5BB37FC09B}.Debug|Mixed Platforms.Build.0 = Debug|Any CPU
		{FE1CD832-B681-4470-A791-AA5BB37FC09B}.Debug|x64.ActiveCfg = Debug|Any CPU
		{FE1CD832-B681-4470-A791-AA5BB37FC09B}.Debug|x64.Build.0 = Debug|Any CPU
		{FE1CD832-B681-4470-A791-AA5BB37FC09B}.Debug|x86.ActiveCfg = Debug|Any CPU
		{FE1CD832-B681-4470-A791-AA5BB37FC09B}.Debug|x86.Build.0 = Debug|Any CPU
		{FE1CD832-B681-4470-A791-AA5BB37FC09B}.DVD-5|Any CPU.ActiveCfg = Debug|Any CPU
		{FE1CD832-B681-4470-A791-AA5BB37FC09B}.DVD-5|Any CPU.Build.0 = Debug|Any CPU
		{FE1CD832-B681-4470-A791-AA5BB37FC09B}.DVD-5|Mixed Platforms.ActiveCfg = Debug|Any CPU
		{FE1CD832-B681-4470-A791-AA5BB37FC09B}.DVD-5|Mixed Platforms.Build.0 = Debug|Any CPU
		{FE1CD832-B681-4470-A791-AA5BB37FC09B}.DVD-5|x64.ActiveCfg = Debug|Any CPU
		{FE1CD832-B681-4470-A791-AA5BB37FC09B}.DVD-5|x64.Build.0 = Debug|Any CPU
		{FE1CD832-B681-4470-A791-AA5BB37FC09B}.DVD-5|x86.ActiveCfg = Debug|Any CPU
		{FE1CD832-B681-4470-A791-AA5BB37FC09B}.DVD-5|x86.Build.0 = Debug|Any CPU
		{FE1CD832-B681-4470-A791-AA5BB37FC09B}.Release|Any CPU.ActiveCfg = Release|Any CPU
		{FE1CD832-B681-4470-A791-AA5BB37FC09B}.Release|Any CPU.Build.0 = Release|Any CPU
		{FE1CD832-B681-4470-A791-AA5BB37FC09B}.Release|Mixed Platforms.ActiveCfg = Release|Any CPU
		{FE1CD832-B681-4470-A791-AA5BB37FC09B}.Release|Mixed Platforms.Build.0 = Release|Any CPU
		{FE1CD832-B681-4470-A791-AA5BB37FC09B}.Release|x64.ActiveCfg = Release|Any CPU
		{FE1CD832-B681-4470-A791-AA5BB37FC09B}.Release|x64.Build.0 = Release|Any CPU
		{FE1CD832-B681-4470-A791-AA5BB37FC09B}.Release|x86.ActiveCfg = Release|Any CPU
		{FE1CD832-B681-4470-A791-AA5BB37FC09B}.Release|x86.Build.0 = Release|Any CPU
		{FE1CD832-B681-4470-A791-AA5BB37FC09B}.SingleImage|Any CPU.ActiveCfg = Release|Any CPU
		{FE1CD832-B681-4470-A791-AA5BB37FC09B}.SingleImage|Any CPU.Build.0 = Release|Any CPU
		{FE1CD832-B681-4470-A791-AA5BB37FC09B}.SingleImage|Mixed Platforms.ActiveCfg = Release|Any CPU
		{FE1CD832-B681-4470-A791-AA5BB37FC09B}.SingleImage|Mixed Platforms.Build.0 = Release|Any CPU
		{FE1CD832-B681-4470-A791-AA5BB37FC09B}.SingleImage|x64.ActiveCfg = Debug|Any CPU
		{FE1CD832-B681-4470-A791-AA5BB37FC09B}.SingleImage|x64.Build.0 = Debug|Any CPU
		{FE1CD832-B681-4470-A791-AA5BB37FC09B}.SingleImage|x86.ActiveCfg = Release|Any CPU
		{FE1CD832-B681-4470-A791-AA5BB37FC09B}.SingleImage|x86.Build.0 = Release|Any CPU
		{7F218671-E087-4EE1-8707-114333A98258}.CD_ROM|Any CPU.ActiveCfg = Release|Any CPU
		{7F218671-E087-4EE1-8707-114333A98258}.CD_ROM|Any CPU.Build.0 = Release|Any CPU
		{7F218671-E087-4EE1-8707-114333A98258}.CD_ROM|Mixed Platforms.ActiveCfg = Release|Any CPU
		{7F218671-E087-4EE1-8707-114333A98258}.CD_ROM|Mixed Platforms.Build.0 = Release|Any CPU
		{7F218671-E087-4EE1-8707-114333A98258}.CD_ROM|x64.ActiveCfg = Release|Any CPU
		{7F218671-E087-4EE1-8707-114333A98258}.CD_ROM|x64.Build.0 = Release|Any CPU
		{7F218671-E087-4EE1-8707-114333A98258}.CD_ROM|x86.ActiveCfg = Release|Any CPU
		{7F218671-E087-4EE1-8707-114333A98258}.CD_ROM|x86.Build.0 = Release|Any CPU
		{7F218671-E087-4EE1-8707-114333A98258}.Debug|Any CPU.ActiveCfg = Debug|Any CPU
		{7F218671-E087-4EE1-8707-114333A98258}.Debug|Any CPU.Build.0 = Debug|Any CPU
		{7F218671-E087-4EE1-8707-114333A98258}.Debug|Mixed Platforms.ActiveCfg = Debug|Any CPU
		{7F218671-E087-4EE1-8707-114333A98258}.Debug|Mixed Platforms.Build.0 = Debug|Any CPU
		{7F218671-E087-4EE1-8707-114333A98258}.Debug|x64.ActiveCfg = Debug|Any CPU
		{7F218671-E087-4EE1-8707-114333A98258}.Debug|x64.Build.0 = Debug|Any CPU
		{7F218671-E087-4EE1-8707-114333A98258}.Debug|x86.ActiveCfg = Debug|Any CPU
		{7F218671-E087-4EE1-8707-114333A98258}.Debug|x86.Build.0 = Debug|Any CPU
		{7F218671-E087-4EE1-8707-114333A98258}.DVD-5|Any CPU.ActiveCfg = Debug|Any CPU
		{7F218671-E087-4EE1-8707-114333A98258}.DVD-5|Any CPU.Build.0 = Debug|Any CPU
		{7F218671-E087-4EE1-8707-114333A98258}.DVD-5|Mixed Platforms.ActiveCfg = Debug|Any CPU
		{7F218671-E087-4EE1-8707-114333A98258}.DVD-5|Mixed Platforms.Build.0 = Debug|Any CPU
		{7F218671-E087-4EE1-8707-114333A98258}.DVD-5|x64.ActiveCfg = Debug|Any CPU
		{7F218671-E087-4EE1-8707-114333A98258}.DVD-5|x64.Build.0 = Debug|Any CPU
		{7F218671-E087-4EE1-8707-114333A98258}.DVD-5|x86.ActiveCfg = Debug|Any CPU
		{7F218671-E087-4EE1-8707-114333A98258}.DVD-5|x86.Build.0 = Debug|Any CPU
		{7F218671-E087-4EE1-8707-114333A98258}.Release|Any CPU.ActiveCfg = Release|Any CPU
		{7F218671-E087-4EE1-8707-114333A98258}.Release|Any CPU.Build.0 = Release|Any CPU
		{7F218671-E087-4EE1-8707-114333A98258}.Release|Mixed Platforms.ActiveCfg = Release|Any CPU
		{7F218671-E087-4EE1-8707-114333A98258}.Release|Mixed Platforms.Build.0 = Release|Any CPU
		{7F218671-E087-4EE1-8707-114333A98258}.Release|x64.ActiveCfg = Release|Any CPU
		{7F218671-E087-4EE1-8707-114333A98258}.Release|x64.Build.0 = Release|Any CPU
		{7F218671-E087-4EE1-8707-114333A98258}.Release|x86.ActiveCfg = Release|Any CPU
		{7F218671-E087-4EE1-8707-114333A98258}.Release|x86.Build.0 = Release|Any CPU
		{7F218671-E087-4EE1-8707-114333A98258}.SingleImage|Any CPU.ActiveCfg = Release|Any CPU
		{7F218671-E087-4EE1-8707-114333A98258}.SingleImage|Any CPU.Build.0 = Release|Any CPU
		{7F218671-E087-4EE1-8707-114333A98258}.SingleImage|Mixed Platforms.ActiveCfg = Release|Any CPU
		{7F218671-E087-4EE1-8707-114333A98258}.SingleImage|Mixed Platforms.Build.0 = Release|Any CPU
		{7F218671-E087-4EE1-8707-114333A98258}.SingleImage|x64.ActiveCfg = Release|Any CPU
		{7F218671-E087-4EE1-8707-114333A98258}.SingleImage|x64.Build.0 = Release|Any CPU
		{7F218671-E087-4EE1-8707-114333A98258}.SingleImage|x86.ActiveCfg = Release|Any CPU
		{7F218671-E087-4EE1-8707-114333A98258}.SingleImage|x86.Build.0 = Release|Any CPU
		{01B6C23E-D8B3-49CE-9193-93C1ED694B57}.CD_ROM|Any CPU.ActiveCfg = Release|Any CPU
		{01B6C23E-D8B3-49CE-9193-93C1ED694B57}.CD_ROM|Any CPU.Build.0 = Release|Any CPU
		{01B6C23E-D8B3-49CE-9193-93C1ED694B57}.CD_ROM|Mixed Platforms.ActiveCfg = Release|Any CPU
		{01B6C23E-D8B3-49CE-9193-93C1ED694B57}.CD_ROM|Mixed Platforms.Build.0 = Release|Any CPU
		{01B6C23E-D8B3-49CE-9193-93C1ED694B57}.CD_ROM|x64.ActiveCfg = Release|Any CPU
		{01B6C23E-D8B3-49CE-9193-93C1ED694B57}.CD_ROM|x64.Build.0 = Release|Any CPU
		{01B6C23E-D8B3-49CE-9193-93C1ED694B57}.CD_ROM|x86.ActiveCfg = Release|Any CPU
		{01B6C23E-D8B3-49CE-9193-93C1ED694B57}.CD_ROM|x86.Build.0 = Release|Any CPU
		{01B6C23E-D8B3-49CE-9193-93C1ED694B57}.Debug|Any CPU.ActiveCfg = Debug|Any CPU
		{01B6C23E-D8B3-49CE-9193-93C1ED694B57}.Debug|Any CPU.Build.0 = Debug|Any CPU
		{01B6C23E-D8B3-49CE-9193-93C1ED694B57}.Debug|Mixed Platforms.ActiveCfg = Debug|Any CPU
		{01B6C23E-D8B3-49CE-9193-93C1ED694B57}.Debug|Mixed Platforms.Build.0 = Debug|Any CPU
		{01B6C23E-D8B3-49CE-9193-93C1ED694B57}.Debug|x64.ActiveCfg = Debug|Any CPU
		{01B6C23E-D8B3-49CE-9193-93C1ED694B57}.Debug|x64.Build.0 = Debug|Any CPU
		{01B6C23E-D8B3-49CE-9193-93C1ED694B57}.Debug|x86.ActiveCfg = Debug|Any CPU
		{01B6C23E-D8B3-49CE-9193-93C1ED694B57}.Debug|x86.Build.0 = Debug|Any CPU
		{01B6C23E-D8B3-49CE-9193-93C1ED694B57}.DVD-5|Any CPU.ActiveCfg = Debug|Any CPU
		{01B6C23E-D8B3-49CE-9193-93C1ED694B57}.DVD-5|Any CPU.Build.0 = Debug|Any CPU
		{01B6C23E-D8B3-49CE-9193-93C1ED694B57}.DVD-5|Mixed Platforms.ActiveCfg = Debug|Any CPU
		{01B6C23E-D8B3-49CE-9193-93C1ED694B57}.DVD-5|Mixed Platforms.Build.0 = Debug|Any CPU
		{01B6C23E-D8B3-49CE-9193-93C1ED694B57}.DVD-5|x64.ActiveCfg = Debug|Any CPU
		{01B6C23E-D8B3-49CE-9193-93C1ED694B57}.DVD-5|x64.Build.0 = Debug|Any CPU
		{01B6C23E-D8B3-49CE-9193-93C1ED694B57}.DVD-5|x86.ActiveCfg = Debug|Any CPU
		{01B6C23E-D8B3-49CE-9193-93C1ED694B57}.DVD-5|x86.Build.0 = Debug|Any CPU
		{01B6C23E-D8B3-49CE-9193-93C1ED694B57}.Release|Any CPU.ActiveCfg = Release|Any CPU
		{01B6C23E-D8B3-49CE-9193-93C1ED694B57}.Release|Any CPU.Build.0 = Release|Any CPU
		{01B6C23E-D8B3-49CE-9193-93C1ED694B57}.Release|Mixed Platforms.ActiveCfg = Release|Any CPU
		{01B6C23E-D8B3-49CE-9193-93C1ED694B57}.Release|Mixed Platforms.Build.0 = Release|Any CPU
		{01B6C23E-D8B3-49CE-9193-93C1ED694B57}.Release|x64.ActiveCfg = Release|Any CPU
		{01B6C23E-D8B3-49CE-9193-93C1ED694B57}.Release|x64.Build.0 = Release|Any CPU
		{01B6C23E-D8B3-49CE-9193-93C1ED694B57}.Release|x86.ActiveCfg = Release|Any CPU
		{01B6C23E-D8B3-49CE-9193-93C1ED694B57}.Release|x86.Build.0 = Release|Any CPU
		{01B6C23E-D8B3-49CE-9193-93C1ED694B57}.SingleImage|Any CPU.ActiveCfg = Release|Any CPU
		{01B6C23E-D8B3-49CE-9193-93C1ED694B57}.SingleImage|Any CPU.Build.0 = Release|Any CPU
		{01B6C23E-D8B3-49CE-9193-93C1ED694B57}.SingleImage|Mixed Platforms.ActiveCfg = Release|Any CPU
		{01B6C23E-D8B3-49CE-9193-93C1ED694B57}.SingleImage|Mixed Platforms.Build.0 = Release|Any CPU
		{01B6C23E-D8B3-49CE-9193-93C1ED694B57}.SingleImage|x64.ActiveCfg = Release|Any CPU
		{01B6C23E-D8B3-49CE-9193-93C1ED694B57}.SingleImage|x64.Build.0 = Release|Any CPU
		{01B6C23E-D8B3-49CE-9193-93C1ED694B57}.SingleImage|x86.ActiveCfg = Release|Any CPU
		{01B6C23E-D8B3-49CE-9193-93C1ED694B57}.SingleImage|x86.Build.0 = Release|Any CPU
	EndGlobalSection
	GlobalSection(SolutionProperties) = preSolution
		HideSolutionNode = FALSE
	EndGlobalSection
EndGlobal
